
Microsoft Visual Studio Solution File, Format Version 12.00
# Visual Studio Version 16
VisualStudioVersion = 16.0.28803.352
MinimumVisualStudioVersion = 10.0.40219.1
Project("{FAE04EC0-301F-11D3-BF4B-00C04F79EFBC}") = "LocatorSearchApi", "LocatorSearchApi.csproj", "{F6D5A439-3E85-4136-A45B-83F3A906B898}"
EndProject
Global
	GlobalSection(SolutionConfigurationPlatforms) = preSolution
		Debug|Any CPU = Debug|Any CPU
		Release|Any CPU = Release|Any CPU
	EndGlobalSection
	GlobalSection(ProjectConfigurationPlatforms) = postSolution
		{F6D5A439-3E85-4136-A45B-83F3A906B898}.Debug|Any CPU.ActiveCfg = Debug|Any CPU
		{F6D5A439-3E85-4136-A45B-83F3A906B898}.Debug|Any CPU.Build.0 = Debug|Any CPU
		{F6D5A439-3E85-4136-A45B-83F3A906B898}.Release|Any CPU.ActiveCfg = Release|Any CPU
		{F6D5A439-3E85-4136-A45B-83F3A906B898}.Release|Any CPU.Build.0 = Release|Any CPU
	EndGlobalSection
	GlobalSection(SolutionProperties) = preSolution
		HideSolutionNode = FALSE
	EndGlobalSection
	GlobalSection(ExtensibilityGlobals) = postSolution
		SolutionGuid = {7FEBC2C7-2C80-4684-9ED7-2D5897E70345}
	EndGlobalSection
EndGlobal
